
Microsoft Visual Studio Solution File, Format Version 12.00
# Visual Studio Version 17
VisualStudioVersion = 17.0.31903.59
MinimumVisualStudioVersion = 10.0.40219.1
Project("{6EC3EE1D-3C4E-46DD-8F32-0CC8E7565705}") = "Percyqaz.Shell", "src\Percyqaz.Shell.fsproj", "{14192A6D-05C5-4732-AF9A-8BFF9620A17A}"
EndProject
Global
	GlobalSection(SolutionConfigurationPlatforms) = preSolution
		Debug|Any CPU = Debug|Any CPU
		Release|Any CPU = Release|Any CPU
	EndGlobalSection
	GlobalSection(ProjectConfigurationPlatforms) = postSolution
		{14192A6D-05C5-4732-AF9A-8BFF9620A17A}.Debug|Any CPU.ActiveCfg = Debug|Any CPU
		{14192A6D-05C5-4732-AF9A-8BFF9620A17A}.Debug|Any CPU.Build.0 = Debug|Any CPU
		{14192A6D-05C5-4732-AF9A-8BFF9620A17A}.Release|Any CPU.ActiveCfg = Release|Any CPU
		{14192A6D-05C5-4732-AF9A-8BFF9620A17A}.Release|Any CPU.Build.0 = Release|Any CPU
		{AEAD74D5-98AC-4F46-B33C-DD1386638A7B}.Debug|Any CPU.ActiveCfg = Debug|Any CPU
		{AEAD74D5-98AC-4F46-B33C-DD1386638A7B}.Debug|Any CPU.Build.0 = Debug|Any CPU
		{AEAD74D5-98AC-4F46-B33C-DD1386638A7B}.Release|Any CPU.ActiveCfg = Release|Any CPU
		{AEAD74D5-98AC-4F46-B33C-DD1386638A7B}.Release|Any CPU.Build.0 = Release|Any CPU
		{A9CAE2E4-B86E-4033-AAE9-0C03FE021886}.Debug|Any CPU.ActiveCfg = Debug|Any CPU
		{A9CAE2E4-B86E-4033-AAE9-0C03FE021886}.Debug|Any CPU.Build.0 = Debug|Any CPU
		{A9CAE2E4-B86E-4033-AAE9-0C03FE021886}.Release|Any CPU.ActiveCfg = Release|Any CPU
		{A9CAE2E4-B86E-4033-AAE9-0C03FE021886}.Release|Any CPU.Build.0 = Release|Any CPU
		{F300B9EA-C56B-4615-8C4C-9C295D99C7B8}.Debug|Any CPU.ActiveCfg = Debug|Any CPU
		{F300B9EA-C56B-4615-8C4C-9C295D99C7B8}.Debug|Any CPU.Build.0 = Debug|Any CPU
		{F300B9EA-C56B-4615-8C4C-9C295D99C7B8}.Release|Any CPU.ActiveCfg = Release|Any CPU
		{F300B9EA-C56B-4615-8C4C-9C295D99C7B8}.Release|Any CPU.Build.0 = Release|Any CPU
	EndGlobalSection
	GlobalSection(SolutionProperties) = preSolution
		HideSolutionNode = FALSE
	EndGlobalSection
	GlobalSection(ExtensibilityGlobals) = postSolution
		SolutionGuid = {342809EA-BAE9-48F9-8A78-08030B0F28F3}
	EndGlobalSection
EndGlobal
